
Microsoft Visual Studio Solution File, Format Version 12.00
# Visual Studio 2012
Project("{FAE04EC0-301F-11D3-BF4B-00C04F79EFBC}") = "NetworkUsageMonitor", "NetworkUsageMonitor\NetworkUsageMonitor.csproj", "{44CBC3FA-E94C-4496-97A2-401024735806}"
EndProject
Global
	GlobalSection(SolutionConfigurationPlatforms) = preSolution
		Debug|Any CPU = Debug|Any CPU
		Release|Any CPU = Release|Any CPU
	EndGlobalSection
	GlobalSection(ProjectConfigurationPlatforms) = postSolution
		{44CBC3FA-E94C-4496-97A2-401024735806}.Debug|Any CPU.ActiveCfg = Debug|Any CPU
		{44CBC3FA-E94C-4496-97A2-401024735806}.Debug|Any CPU.Build.0 = Debug|Any CPU
		{44CBC3FA-E94C-4496-97A2-401024735806}.Release|Any CPU.ActiveCfg = Release|Any CPU
		{44CBC3FA-E94C-4496-97A2-401024735806}.Release|Any CPU.Build.0 = Release|Any CPU
	EndGlobalSection
	GlobalSection(SolutionProperties) = preSolution
		HideSolutionNode = FALSE
	EndGlobalSection
EndGlobal
